
Microsoft Visual Studio Solution File, Format Version 12.00
# Visual Studio Version 17
VisualStudioVersion = 17.9.34607.119
MinimumVisualStudioVersion = 10.0.40219.1
Project("{9A19103F-16F7-4668-BE54-9A1E7A4F7556}") = "W01", "W01\W01.csproj", "{78534F3B-18CC-4BE8-9AC7-42B78814FEA3}"
EndProject
Project("{9A19103F-16F7-4668-BE54-9A1E7A4F7556}") = "W02", "W02\W02.csproj", "{08C9B3D1-5FB2-4B35-B754-7028F378D39D}"
EndProject
Project("{9A19103F-16F7-4668-BE54-9A1E7A4F7556}") = "W03", "W03\W03.csproj", "{4DAAECC0-6862-448A-959A-8908F825814C}"
EndProject
Project("{FAE04EC0-301F-11D3-BF4B-00C04F79EFBC}") = "ObsWebUI", "ObsWebUI\ObsWebUI.csproj", "{C36B4990-6654-49DE-9ECF-788F8DB4988B}"
EndProject
Global
	GlobalSection(SolutionConfigurationPlatforms) = preSolution
		Debug|Any CPU = Debug|Any CPU
		Release|Any CPU = Release|Any CPU
	EndGlobalSection
	GlobalSection(ProjectConfigurationPlatforms) = postSolution
		{78534F3B-18CC-4BE8-9AC7-42B78814FEA3}.Debug|Any CPU.ActiveCfg = Debug|Any CPU
		{78534F3B-18CC-4BE8-9AC7-42B78814FEA3}.Debug|Any CPU.Build.0 = Debug|Any CPU
		{78534F3B-18CC-4BE8-9AC7-42B78814FEA3}.Release|Any CPU.ActiveCfg = Release|Any CPU
		{78534F3B-18CC-4BE8-9AC7-42B78814FEA3}.Release|Any CPU.Build.0 = Release|Any CPU
		{08C9B3D1-5FB2-4B35-B754-7028F378D39D}.Debug|Any CPU.ActiveCfg = Debug|Any CPU
		{08C9B3D1-5FB2-4B35-B754-7028F378D39D}.Debug|Any CPU.Build.0 = Debug|Any CPU
		{08C9B3D1-5FB2-4B35-B754-7028F378D39D}.Release|Any CPU.ActiveCfg = Release|Any CPU
		{08C9B3D1-5FB2-4B35-B754-7028F378D39D}.Release|Any CPU.Build.0 = Release|Any CPU
		{4DAAECC0-6862-448A-959A-8908F825814C}.Debug|Any CPU.ActiveCfg = Debug|Any CPU
		{4DAAECC0-6862-448A-959A-8908F825814C}.Debug|Any CPU.Build.0 = Debug|Any CPU
		{4DAAECC0-6862-448A-959A-8908F825814C}.Release|Any CPU.ActiveCfg = Release|Any CPU
		{4DAAECC0-6862-448A-959A-8908F825814C}.Release|Any CPU.Build.0 = Release|Any CPU
		{C36B4990-6654-49DE-9ECF-788F8DB4988B}.Debug|Any CPU.ActiveCfg = Debug|Any CPU
		{C36B4990-6654-49DE-9ECF-788F8DB4988B}.Debug|Any CPU.Build.0 = Debug|Any CPU
		{C36B4990-6654-49DE-9ECF-788F8DB4988B}.Release|Any CPU.ActiveCfg = Release|Any CPU
		{C36B4990-6654-49DE-9ECF-788F8DB4988B}.Release|Any CPU.Build.0 = Release|Any CPU
	EndGlobalSection
	GlobalSection(SolutionProperties) = preSolution
		HideSolutionNode = FALSE
	EndGlobalSection
	GlobalSection(ExtensibilityGlobals) = postSolution
		SolutionGuid = {A4765390-56A6-4C96-A6F6-7D669690B01D}
	EndGlobalSection
EndGlobal
